
Microsoft Visual Studio Solution File, Format Version 12.00
# Visual Studio Version 16
VisualStudioVersion = 16.0.29102.190
MinimumVisualStudioVersion = 10.0.40219.1
Project("{FAE04EC0-301F-11D3-BF4B-00C04F79EFBC}") = "FactoryMethod", "FactoryMethod.csproj", "{13C16A93-83AE-4FC9-BFCB-34915FE30223}"
EndProject
Global
	GlobalSection(SolutionConfigurationPlatforms) = preSolution
		Debug|Any CPU = Debug|Any CPU
		Release|Any CPU = Release|Any CPU
	EndGlobalSection
	GlobalSection(ProjectConfigurationPlatforms) = postSolution
		{13C16A93-83AE-4FC9-BFCB-34915FE30223}.Debug|Any CPU.ActiveCfg = Debug|Any CPU
		{13C16A93-83AE-4FC9-BFCB-34915FE30223}.Debug|Any CPU.Build.0 = Debug|Any CPU
		{13C16A93-83AE-4FC9-BFCB-34915FE30223}.Release|Any CPU.ActiveCfg = Release|Any CPU
		{13C16A93-83AE-4FC9-BFCB-34915FE30223}.Release|Any CPU.Build.0 = Release|Any CPU
	EndGlobalSection
	GlobalSection(SolutionProperties) = preSolution
		HideSolutionNode = FALSE
	EndGlobalSection
	GlobalSection(ExtensibilityGlobals) = postSolution
		SolutionGuid = {84C81B3A-88DE-4F76-9709-4A83190D20B4}
	EndGlobalSection
EndGlobal
